
Microsoft Visual Studio Solution File, Format Version 12.00
# Visual Studio Version 17
VisualStudioVersion = 17.12.35527.113
MinimumVisualStudioVersion = 10.0.40219.1
Project("{FAE04EC0-301F-11D3-BF4B-00C04F79EFBC}") = "k3d.CC.ViewModel.Interface", "k3d.CC.ViewModel.Interface\k3d.CC.ViewModel.Interface.csproj", "{CA64F861-9B41-4445-89F3-E85D5F8E8C44}"
EndProject
Project("{FAE04EC0-301F-11D3-BF4B-00C04F79EFBC}") = "k3d.CC.ViewModel.Impl", "k3d.CC.ViewModel.Impl\k3d.CC.ViewModel.Impl.csproj", "{D05CDA90-A877-44DD-BF7B-D3A94C696269}"
EndProject
Project("{FAE04EC0-301F-11D3-BF4B-00C04F79EFBC}") = "k3d.CC.Data.Interface", "k3d.CC.Data.Interface\k3d.CC.Data.Interface.csproj", "{1914978B-63EA-44BA-BE97-3B91E6412E88}"
EndProject
Project("{FAE04EC0-301F-11D3-BF4B-00C04F79EFBC}") = "k3d.CC.Data.Impl.FS", "k3d.CC.Data.Impl.FS\k3d.CC.Data.Impl.FS.csproj", "{D81A33D0-C3B4-4FEA-BA84-9AAA28408424}"
EndProject
Project("{FAE04EC0-301F-11D3-BF4B-00C04F79EFBC}") = "k3d.CC.View.WinForms", "k3d.CC.View.WinForms\k3d.CC.View.WinForms.csproj", "{E06709CD-B949-4BA0-8B88-5A1337A70166}"
EndProject
Project("{FAE04EC0-301F-11D3-BF4B-00C04F79EFBC}") = "k3d.CC.Model.Impl", "k3d.CC.Model.Impl\k3d.CC.Model.Impl.csproj", "{A0CAAE63-A48A-43ED-8097-F21A6B573DE8}"
EndProject
Project("{FAE04EC0-301F-11D3-BF4B-00C04F79EFBC}") = "k3d.CC.Model.Interface", "k3d.CC.Model.Interface\k3d.CC.Model.Interface.csproj", "{2CB56FAB-242B-4603-8E73-BAAA02EB4645}"
EndProject
Project("{2150E333-8FDC-42A3-9474-1A3956D46DE8}") = "3dparties", "3dparties", "{E28F7B4C-B7FE-4A13-9FDA-D8F37ADFDAC5}"
	ProjectSection(SolutionItems) = preProject
		3dparties\k3d.Common.dll = 3dparties\k3d.Common.dll
		3dparties\k3d.Logging.Impl.dll = 3dparties\k3d.Logging.Impl.dll
		3dparties\k3d.Logging.Interface.dll = 3dparties\k3d.Logging.Interface.dll
	EndProjectSection
EndProject
Global
	GlobalSection(SolutionConfigurationPlatforms) = preSolution
		Debug|Any CPU = Debug|Any CPU
		Release|Any CPU = Release|Any CPU
	EndGlobalSection
	GlobalSection(ProjectConfigurationPlatforms) = postSolution
		{CA64F861-9B41-4445-89F3-E85D5F8E8C44}.Debug|Any CPU.ActiveCfg = Debug|Any CPU
		{CA64F861-9B41-4445-89F3-E85D5F8E8C44}.Debug|Any CPU.Build.0 = Debug|Any CPU
		{CA64F861-9B41-4445-89F3-E85D5F8E8C44}.Release|Any CPU.ActiveCfg = Release|Any CPU
		{CA64F861-9B41-4445-89F3-E85D5F8E8C44}.Release|Any CPU.Build.0 = Release|Any CPU
		{D05CDA90-A877-44DD-BF7B-D3A94C696269}.Debug|Any CPU.ActiveCfg = Debug|Any CPU
		{D05CDA90-A877-44DD-BF7B-D3A94C696269}.Debug|Any CPU.Build.0 = Debug|Any CPU
		{D05CDA90-A877-44DD-BF7B-D3A94C696269}.Release|Any CPU.ActiveCfg = Release|Any CPU
		{D05CDA90-A877-44DD-BF7B-D3A94C696269}.Release|Any CPU.Build.0 = Release|Any CPU
		{1914978B-63EA-44BA-BE97-3B91E6412E88}.Debug|Any CPU.ActiveCfg = Debug|Any CPU
		{1914978B-63EA-44BA-BE97-3B91E6412E88}.Debug|Any CPU.Build.0 = Debug|Any CPU
		{1914978B-63EA-44BA-BE97-3B91E6412E88}.Release|Any CPU.ActiveCfg = Release|Any CPU
		{1914978B-63EA-44BA-BE97-3B91E6412E88}.Release|Any CPU.Build.0 = Release|Any CPU
		{D81A33D0-C3B4-4FEA-BA84-9AAA28408424}.Debug|Any CPU.ActiveCfg = Debug|Any CPU
		{D81A33D0-C3B4-4FEA-BA84-9AAA28408424}.Debug|Any CPU.Build.0 = Debug|Any CPU
		{D81A33D0-C3B4-4FEA-BA84-9AAA28408424}.Release|Any CPU.ActiveCfg = Release|Any CPU
		{D81A33D0-C3B4-4FEA-BA84-9AAA28408424}.Release|Any CPU.Build.0 = Release|Any CPU
		{E06709CD-B949-4BA0-8B88-5A1337A70166}.Debug|Any CPU.ActiveCfg = Debug|Any CPU
		{E06709CD-B949-4BA0-8B88-5A1337A70166}.Debug|Any CPU.Build.0 = Debug|Any CPU
		{E06709CD-B949-4BA0-8B88-5A1337A70166}.Release|Any CPU.ActiveCfg = Release|Any CPU
		{E06709CD-B949-4BA0-8B88-5A1337A70166}.Release|Any CPU.Build.0 = Release|Any CPU
		{A0CAAE63-A48A-43ED-8097-F21A6B573DE8}.Debug|Any CPU.ActiveCfg = Debug|Any CPU
		{A0CAAE63-A48A-43ED-8097-F21A6B573DE8}.Debug|Any CPU.Build.0 = Debug|Any CPU
		{A0CAAE63-A48A-43ED-8097-F21A6B573DE8}.Release|Any CPU.ActiveCfg = Release|Any CPU
		{A0CAAE63-A48A-43ED-8097-F21A6B573DE8}.Release|Any CPU.Build.0 = Release|Any CPU
		{2CB56FAB-242B-4603-8E73-BAAA02EB4645}.Debug|Any CPU.ActiveCfg = Debug|Any CPU
		{2CB56FAB-242B-4603-8E73-BAAA02EB4645}.Debug|Any CPU.Build.0 = Debug|Any CPU
		{2CB56FAB-242B-4603-8E73-BAAA02EB4645}.Release|Any CPU.ActiveCfg = Release|Any CPU
		{2CB56FAB-242B-4603-8E73-BAAA02EB4645}.Release|Any CPU.Build.0 = Release|Any CPU
	EndGlobalSection
	GlobalSection(SolutionProperties) = preSolution
		HideSolutionNode = FALSE
	EndGlobalSection
EndGlobal
